// !$*UTF8*$!
{
	archiveVersion = 1;
	classes = {
	};
	objectVersion = 56;
	objects = {

/* Begin PBXBuildFile section */
		E40A56C62B333C4400BC95C9 /* ImageMessageAssistantApp.swift in Sources */ = {isa = PBXBuildFile; fileRef = E40A56C52B333C4400BC95C9 /* ImageMessageAssistantApp.swift */; };
		E40A56C82B333C4400BC95C9 /* ContentView.swift in Sources */ = {isa = PBXBuildFile; fileRef = E40A56C72B333C4400BC95C9 /* ContentView.swift */; };
		E40A56CA2B333C4500BC95C9 /* Assets.xcassets in Resources */ = {isa = PBXBuildFile; fileRef = E40A56C92B333C4500BC95C9 /* Assets.xcassets */; };
		E40A56CD2B333C4600BC95C9 /* Preview Assets.xcassets in Resources */ = {isa = PBXBuildFile; fileRef = E40A56CC2B333C4600BC95C9 /* Preview Assets.xcassets */; };
		E40A56D72B333C4600BC95C9 /* ImageMessageAssistantTests.swift in Sources */ = {isa = PBXBuildFile; fileRef = E40A56D62B333C4600BC95C9 /* ImageMessageAssistantTests.swift */; };
		E40A56E12B333C4600BC95C9 /* ImageMessageAssistantUITests.swift in Sources */ = {isa = PBXBuildFile; fileRef = E40A56E02B333C4600BC95C9 /* ImageMessageAssistantUITests.swift */; };
		E40A56E32B333C4600BC95C9 /* ImageMessageAssistantUITestsLaunchTests.swift in Sources */ = {isa = PBXBuildFile; fileRef = E40A56E22B333C4600BC95C9 /* ImageMessageAssistantUITestsLaunchTests.swift */; };
		E45259782B333FBC00423964 /* MessageKit in Frameworks */ = {isa = PBXBuildFile; productRef = E45259772B333FBC00423964 /* MessageKit */; };
		E452597B2B3362B500423964 /* Alamofire in Frameworks */ = {isa = PBXBuildFile; productRef = E452597A2B3362B500423964 /* Alamofire */; };
		E452597D2B33651800423964 /* OpenAIResponse.swift in Sources */ = {isa = PBXBuildFile; fileRef = E452597C2B33651800423964 /* OpenAIResponse.swift */; };
		E4536FF62B43B3D800233CB5 /* Constants.swift in Sources */ = {isa = PBXBuildFile; fileRef = E4536FF52B43B3D800233CB5 /* Constants.swift */; };
		E4FBF6192B3746C8009AE41A /* OpenAIManager.swift in Sources */ = {isa = PBXBuildFile; fileRef = E4FBF6182B3746C8009AE41A /* OpenAIManager.swift */; };
		E4FBF61B2B3746DA009AE41A /* RimeTTSManager.swift in Sources */ = {isa = PBXBuildFile; fileRef = E4FBF61A2B3746DA009AE41A /* RimeTTSManager.swift */; };
		E4FBF61D2B3746EF009AE41A /* AudioPlaybackManager.swift in Sources */ = {isa = PBXBuildFile; fileRef = E4FBF61C2B3746EF009AE41A /* AudioPlaybackManager.swift */; };
		E4FBF61F2B374786009AE41A /* MessagesView.swift in Sources */ = {isa = PBXBuildFile; fileRef = E4FBF61E2B374786009AE41A /* MessagesView.swift */; };
		E4FBF6212B3747DF009AE41A /* MessageManager.swift in Sources */ = {isa = PBXBuildFile; fileRef = E4FBF6202B3747DF009AE41A /* MessageManager.swift */; };
/* End PBXBuildFile section */

/* Begin PBXContainerItemProxy section */
		E40A56D32B333C4600BC95C9 /* PBXContainerItemProxy */ = {
			isa = PBXContainerItemProxy;
			containerPortal = E40A56BA2B333C4400BC95C9 /* Project object */;
			proxyType = 1;
			remoteGlobalIDString = E40A56C12B333C4400BC95C9;
			remoteInfo = ImageMessageAssistant;
		};
		E40A56DD2B333C4600BC95C9 /* PBXContainerItemProxy */ = {
			isa = PBXContainerItemProxy;
			containerPortal = E40A56BA2B333C4400BC95C9 /* Project object */;
			proxyType = 1;
			remoteGlobalIDString = E40A56C12B333C4400BC95C9;
			remoteInfo = ImageMessageAssistant;
		};
/* End PBXContainerItemProxy section */

/* Begin PBXFileReference section */
		E40A56C22B333C4400BC95C9 /* VisualMessaging.app */ = {isa = PBXFileReference; explicitFileType = wrapper.application; includeInIndex = 0; path = VisualMessaging.app; sourceTree = BUILT_PRODUCTS_DIR; };
		E40A56C52B333C4400BC95C9 /* ImageMessageAssistantApp.swift */ = {isa = PBXFileReference; lastKnownFileType = sourcecode.swift; path = ImageMessageAssistantApp.swift; sourceTree = "<group>"; };
		E40A56C72B333C4400BC95C9 /* ContentView.swift */ = {isa = PBXFileReference; lastKnownFileType = sourcecode.swift; path = ContentView.swift; sourceTree = "<group>"; };
		E40A56C92B333C4500BC95C9 /* Assets.xcassets */ = {isa = PBXFileReference; lastKnownFileType = folder.assetcatalog; path = Assets.xcassets; sourceTree = "<group>"; };
		E40A56CC2B333C4600BC95C9 /* Preview Assets.xcassets */ = {isa = PBXFileReference; lastKnownFileType = folder.assetcatalog; path = "Preview Assets.xcassets"; sourceTree = "<group>"; };
		E40A56D22B333C4600BC95C9 /* VisualMessagingTests.xctest */ = {isa = PBXFileReference; explicitFileType = wrapper.cfbundle; includeInIndex = 0; path = VisualMessagingTests.xctest; sourceTree = BUILT_PRODUCTS_DIR; };
		E40A56D62B333C4600BC95C9 /* ImageMessageAssistantTests.swift */ = {isa = PBXFileReference; lastKnownFileType = sourcecode.swift; path = ImageMessageAssistantTests.swift; sourceTree = "<group>"; };
		E40A56DC2B333C4600BC95C9 /* VisualMessagingUITests.xctest */ = {isa = PBXFileReference; explicitFileType = wrapper.cfbundle; includeInIndex = 0; path = VisualMessagingUITests.xctest; sourceTree = BUILT_PRODUCTS_DIR; };
		E40A56E02B333C4600BC95C9 /* ImageMessageAssistantUITests.swift */ = {isa = PBXFileReference; lastKnownFileType = sourcecode.swift; path = ImageMessageAssistantUITests.swift; sourceTree = "<group>"; };
		E40A56E22B333C4600BC95C9 /* ImageMessageAssistantUITestsLaunchTests.swift */ = {isa = PBXFileReference; lastKnownFileType = sourcecode.swift; path = ImageMessageAssistantUITestsLaunchTests.swift; sourceTree = "<group>"; };
		E452597C2B33651800423964 /* OpenAIResponse.swift */ = {isa = PBXFileReference; lastKnownFileType = sourcecode.swift; path = OpenAIResponse.swift; sourceTree = "<group>"; };
		E452597E2B33807C00423964 /* Info.plist */ = {isa = PBXFileReference; lastKnownFileType = text.plist; path = Info.plist; sourceTree = "<group>"; };
		E4536FF52B43B3D800233CB5 /* Constants.swift */ = {isa = PBXFileReference; lastKnownFileType = sourcecode.swift; path = Constants.swift; sourceTree = "<group>"; };
		E4FBF6182B3746C8009AE41A /* OpenAIManager.swift */ = {isa = PBXFileReference; lastKnownFileType = sourcecode.swift; path = OpenAIManager.swift; sourceTree = "<group>"; };
		E4FBF61A2B3746DA009AE41A /* RimeTTSManager.swift */ = {isa = PBXFileReference; lastKnownFileType = sourcecode.swift; path = RimeTTSManager.swift; sourceTree = "<group>"; };
		E4FBF61C2B3746EF009AE41A /* AudioPlaybackManager.swift */ = {isa = PBXFileReference; lastKnownFileType = sourcecode.swift; path = AudioPlaybackManager.swift; sourceTree = "<group>"; };
		E4FBF61E2B374786009AE41A /* MessagesView.swift */ = {isa = PBXFileReference; lastKnownFileType = sourcecode.swift; path = MessagesView.swift; sourceTree = "<group>"; };
		E4FBF6202B3747DF009AE41A /* MessageManager.swift */ = {isa = PBXFileReference; lastKnownFileType = sourcecode.swift; path = MessageManager.swift; sourceTree = "<group>"; };
/* End PBXFileReference section */

/* Begin PBXFrameworksBuildPhase section */
		E40A56BF2B333C4400BC95C9 /* Frameworks */ = {
			isa = PBXFrameworksBuildPhase;
			buildActionMask = 2147483647;
			files = (
				E45259782B333FBC00423964 /* MessageKit in Frameworks */,
				E452597B2B3362B500423964 /* Alamofire in Frameworks */,
			);
			runOnlyForDeploymentPostprocessing = 0;
		};
		E40A56CF2B333C4600BC95C9 /* Frameworks */ = {
			isa = PBXFrameworksBuildPhase;
			buildActionMask = 2147483647;
			files = (
			);
			runOnlyForDeploymentPostprocessing = 0;
		};
		E40A56D92B333C4600BC95C9 /* Frameworks */ = {
			isa = PBXFrameworksBuildPhase;
			buildActionMask = 2147483647;
			files = (
			);
			runOnlyForDeploymentPostprocessing = 0;
		};
/* End PBXFrameworksBuildPhase section */

/* Begin PBXGroup section */
		E40A56B92B333C4400BC95C9 = {
			isa = PBXGroup;
			children = (
				E40A56C42B333C4400BC95C9 /* ImageMessageAssistant */,
				E40A56D52B333C4600BC95C9 /* ImageMessageAssistantTests */,
				E40A56DF2B333C4600BC95C9 /* ImageMessageAssistantUITests */,
				E40A56C32B333C4400BC95C9 /* Products */,
			);
			sourceTree = "<group>";
		};
		E40A56C32B333C4400BC95C9 /* Products */ = {
			isa = PBXGroup;
			children = (
				E40A56C22B333C4400BC95C9 /* VisualMessaging.app */,
				E40A56D22B333C4600BC95C9 /* VisualMessagingTests.xctest */,
				E40A56DC2B333C4600BC95C9 /* VisualMessagingUITests.xctest */,
			);
			name = Products;
			sourceTree = "<group>";
		};
		E40A56C42B333C4400BC95C9 /* ImageMessageAssistant */ = {
			isa = PBXGroup;
			children = (
				E452597E2B33807C00423964 /* Info.plist */,
				E40A56C52B333C4400BC95C9 /* ImageMessageAssistantApp.swift */,
				E40A56C72B333C4400BC95C9 /* ContentView.swift */,
				E4FBF61E2B374786009AE41A /* MessagesView.swift */,
				E4FBF6202B3747DF009AE41A /* MessageManager.swift */,
				E4536FF52B43B3D800233CB5 /* Constants.swift */,
				E4FBF61C2B3746EF009AE41A /* AudioPlaybackManager.swift */,
				E4FBF6182B3746C8009AE41A /* OpenAIManager.swift */,
				E4FBF61A2B3746DA009AE41A /* RimeTTSManager.swift */,
				E452597C2B33651800423964 /* OpenAIResponse.swift */,
				E40A56C92B333C4500BC95C9 /* Assets.xcassets */,
				E40A56CB2B333C4600BC95C9 /* Preview Content */,
			);
			path = ImageMessageAssistant;
			sourceTree = "<group>";
		};
		E40A56CB2B333C4600BC95C9 /* Preview Content */ = {
			isa = PBXGroup;
			children = (
				E40A56CC2B333C4600BC95C9 /* Preview Assets.xcassets */,
			);
			path = "Preview Content";
			sourceTree = "<group>";
		};
		E40A56D52B333C4600BC95C9 /* ImageMessageAssistantTests */ = {
			isa = PBXGroup;
			children = (
				E40A56D62B333C4600BC95C9 /* ImageMessageAssistantTests.swift */,
			);
			path = ImageMessageAssistantTests;
			sourceTree = "<group>";
		};
		E40A56DF2B333C4600BC95C9 /* ImageMessageAssistantUITests */ = {
			isa = PBXGroup;
			children = (
				E40A56E02B333C4600BC95C9 /* ImageMessageAssistantUITests.swift */,
				E40A56E22B333C4600BC95C9 /* ImageMessageAssistantUITestsLaunchTests.swift */,
			);
			path = ImageMessageAssistantUITests;
			sourceTree = "<group>";
		};
/* End PBXGroup section */

/* Begin PBXNativeTarget section */
		E40A56C12B333C4400BC95C9 /* VisualMessaging */ = {
			isa = PBXNativeTarget;
			buildConfigurationList = E40A56E62B333C4600BC95C9 /* Build configuration list for PBXNativeTarget "VisualMessaging" */;
			buildPhases = (
				E40A56BE2B333C4400BC95C9 /* Sources */,
				E40A56BF2B333C4400BC95C9 /* Frameworks */,
				E40A56C02B333C4400BC95C9 /* Resources */,
			);
			buildRules = (
			);
			dependencies = (
			);
			name = VisualMessaging;
			packageProductDependencies = (
				E45259772B333FBC00423964 /* MessageKit */,
				E452597A2B3362B500423964 /* Alamofire */,
			);
			productName = ImageMessageAssistant;
			productReference = E40A56C22B333C4400BC95C9 /* VisualMessaging.app */;
			productType = "com.apple.product-type.application";
		};
		E40A56D12B333C4600BC95C9 /* VisualMessagingTests */ = {
			isa = PBXNativeTarget;
			buildConfigurationList = E40A56E92B333C4600BC95C9 /* Build configuration list for PBXNativeTarget "VisualMessagingTests" */;
			buildPhases = (
				E40A56CE2B333C4600BC95C9 /* Sources */,
				E40A56CF2B333C4600BC95C9 /* Frameworks */,
				E40A56D02B333C4600BC95C9 /* Resources */,
			);
			buildRules = (
			);
			dependencies = (
				E40A56D42B333C4600BC95C9 /* PBXTargetDependency */,
			);
			name = VisualMessagingTests;
			productName = ImageMessageAssistantTests;
			productReference = E40A56D22B333C4600BC95C9 /* VisualMessagingTests.xctest */;
			productType = "com.apple.product-type.bundle.unit-test";
		};
		E40A56DB2B333C4600BC95C9 /* VisualMessagingUITests */ = {
			isa = PBXNativeTarget;
			buildConfigurationList = E40A56EC2B333C4600BC95C9 /* Build configuration list for PBXNativeTarget "VisualMessagingUITests" */;
			buildPhases = (
				E40A56D82B333C4600BC95C9 /* Sources */,
				E40A56D92B333C4600BC95C9 /* Frameworks */,
				E40A56DA2B333C4600BC95C9 /* Resources */,
			);
			buildRules = (
			);
			dependencies = (
				E40A56DE2B333C4600BC95C9 /* PBXTargetDependency */,
			);
			name = VisualMessagingUITests;
			productName = ImageMessageAssistantUITests;
			productReference = E40A56DC2B333C4600BC95C9 /* VisualMessagingUITests.xctest */;
			productType = "com.apple.product-type.bundle.ui-testing";
		};
/* End PBXNativeTarget section */

/* Begin PBXProject section */
		E40A56BA2B333C4400BC95C9 /* Project object */ = {
			isa = PBXProject;
			attributes = {
				BuildIndependentTargetsInParallel = 1;
				LastSwiftUpdateCheck = 1510;
				LastUpgradeCheck = 1510;
				TargetAttributes = {
					E40A56C12B333C4400BC95C9 = {
						CreatedOnToolsVersion = 15.1;
					};
					E40A56D12B333C4600BC95C9 = {
						CreatedOnToolsVersion = 15.1;
						TestTargetID = E40A56C12B333C4400BC95C9;
					};
					E40A56DB2B333C4600BC95C9 = {
						CreatedOnToolsVersion = 15.1;
						TestTargetID = E40A56C12B333C4400BC95C9;
					};
				};
			};
			buildConfigurationList = E40A56BD2B333C4400BC95C9 /* Build configuration list for PBXProject "VisualMessaging" */;
			compatibilityVersion = "Xcode 14.0";
			developmentRegion = en;
			hasScannedForEncodings = 0;
			knownRegions = (
				en,
				Base,
			);
			mainGroup = E40A56B92B333C4400BC95C9;
			packageReferences = (
				E45259762B333FBC00423964 /* XCRemoteSwiftPackageReference "MessageKit" */,
				E45259792B3362B500423964 /* XCRemoteSwiftPackageReference "Alamofire" */,
			);
			productRefGroup = E40A56C32B333C4400BC95C9 /* Products */;
			projectDirPath = "";
			projectRoot = "";
			targets = (
				E40A56C12B333C4400BC95C9 /* VisualMessaging */,
				E40A56D12B333C4600BC95C9 /* VisualMessagingTests */,
				E40A56DB2B333C4600BC95C9 /* VisualMessagingUITests */,
			);
		};
/* End PBXProject section */

/* Begin PBXResourcesBuildPhase section */
		E40A56C02B333C4400BC95C9 /* Resources */ = {
			isa = PBXResourcesBuildPhase;
			buildActionMask = 2147483647;
			files = (
				E40A56CD2B333C4600BC95C9 /* Preview Assets.xcassets in Resources */,
				E40A56CA2B333C4500BC95C9 /* Assets.xcassets in Resources */,
			);
			runOnlyForDeploymentPostprocessing = 0;
		};
		E40A56D02B333C4600BC95C9 /* Resources */ = {
			isa = PBXResourcesBuildPhase;
			buildActionMask = 2147483647;
			files = (
			);
			runOnlyForDeploymentPostprocessing = 0;
		};
		E40A56DA2B333C4600BC95C9 /* Resources */ = {
			isa = PBXResourcesBuildPhase;
			buildActionMask = 2147483647;
			files = (
			);
			runOnlyForDeploymentPostprocessing = 0;
		};
/* End PBXResourcesBuildPhase section */

/* Begin PBXSourcesBuildPhase section */
		E40A56BE2B333C4400BC95C9 /* Sources */ = {
			isa = PBXSourcesBuildPhase;
			buildActionMask = 2147483647;
			files = (
				E4FBF61B2B3746DA009AE41A /* RimeTTSManager.swift in Sources */,
				E452597D2B33651800423964 /* OpenAIResponse.swift in Sources */,
				E4FBF6192B3746C8009AE41A /* OpenAIManager.swift in Sources */,
				E40A56C82B333C4400BC95C9 /* ContentView.swift in Sources */,
				E4FBF61F2B374786009AE41A /* MessagesView.swift in Sources */,
				E40A56C62B333C4400BC95C9 /* ImageMessageAssistantApp.swift in Sources */,
				E4FBF61D2B3746EF009AE41A /* AudioPlaybackManager.swift in Sources */,
				E4FBF6212B3747DF009AE41A /* MessageManager.swift in Sources */,
				E4536FF62B43B3D800233CB5 /* Constants.swift in Sources */,
			);
			runOnlyForDeploymentPostprocessing = 0;
		};
		E40A56CE2B333C4600BC95C9 /* Sources */ = {
			isa = PBXSourcesBuildPhase;
			buildActionMask = 2147483647;
			files = (
				E40A56D72B333C4600BC95C9 /* ImageMessageAssistantTests.swift in Sources */,
			);
			runOnlyForDeploymentPostprocessing = 0;
		};
		E40A56D82B333C4600BC95C9 /* Sources */ = {
			isa = PBXSourcesBuildPhase;
			buildActionMask = 2147483647;
			files = (
				E40A56E12B333C4600BC95C9 /* ImageMessageAssistantUITests.swift in Sources */,
				E40A56E32B333C4600BC95C9 /* ImageMessageAssistantUITestsLaunchTests.swift in Sources */,
			);
			runOnlyForDeploymentPostprocessing = 0;
		};
/* End PBXSourcesBuildPhase section */

/* Begin PBXTargetDependency section */
		E40A56D42B333C4600BC95C9 /* PBXTargetDependency */ = {
			isa = PBXTargetDependency;
			target = E40A56C12B333C4400BC95C9 /* VisualMessaging */;
			targetProxy = E40A56D32B333C4600BC95C9 /* PBXContainerItemProxy */;
		};
		E40A56DE2B333C4600BC95C9 /* PBXTargetDependency */ = {
			isa = PBXTargetDependency;
			target = E40A56C12B333C4400BC95C9 /* VisualMessaging */;
			targetProxy = E40A56DD2B333C4600BC95C9 /* PBXContainerItemProxy */;
		};
/* End PBXTargetDependency section */

/* Begin XCBuildConfiguration section */
		E40A56E42B333C4600BC95C9 /* Debug */ = {
			isa = XCBuildConfiguration;
			buildSettings = {
				ALWAYS_SEARCH_USER_PATHS = NO;
				ASSETCATALOG_COMPILER_GENERATE_SWIFT_ASSET_SYMBOL_EXTENSIONS = YES;
				CLANG_ANALYZER_NONNULL = YES;
				CLANG_ANALYZER_NUMBER_OBJECT_CONVERSION = YES_AGGRESSIVE;
				CLANG_CXX_LANGUAGE_STANDARD = "gnu++20";
				CLANG_ENABLE_MODULES = YES;
				CLANG_ENABLE_OBJC_ARC = YES;
				CLANG_ENABLE_OBJC_WEAK = YES;
				CLANG_WARN_BLOCK_CAPTURE_AUTORELEASING = YES;
				CLANG_WARN_BOOL_CONVERSION = YES;
				CLANG_WARN_COMMA = YES;
				CLANG_WARN_CONSTANT_CONVERSION = YES;
				CLANG_WARN_DEPRECATED_OBJC_IMPLEMENTATIONS = YES;
				CLANG_WARN_DIRECT_OBJC_ISA_USAGE = YES_ERROR;
				CLANG_WARN_DOCUMENTATION_COMMENTS = YES;
				CLANG_WARN_EMPTY_BODY = YES;
				CLANG_WARN_ENUM_CONVERSION = YES;
				CLANG_WARN_INFINITE_RECURSION = YES;
				CLANG_WARN_INT_CONVERSION = YES;
				CLANG_WARN_NON_LITERAL_NULL_CONVERSION = YES;
				CLANG_WARN_OBJC_IMPLICIT_RETAIN_SELF = YES;
				CLANG_WARN_OBJC_LITERAL_CONVERSION = YES;
				CLANG_WARN_OBJC_ROOT_CLASS = YES_ERROR;
				CLANG_WARN_QUOTED_INCLUDE_IN_FRAMEWORK_HEADER = YES;
				CLANG_WARN_RANGE_LOOP_ANALYSIS = YES;
				CLANG_WARN_STRICT_PROTOTYPES = YES;
				CLANG_WARN_SUSPICIOUS_MOVE = YES;
				CLANG_WARN_UNGUARDED_AVAILABILITY = YES_AGGRESSIVE;
				CLANG_WARN_UNREACHABLE_CODE = YES;
				CLANG_WARN__DUPLICATE_METHOD_MATCH = YES;
				COPY_PHASE_STRIP = NO;
				DEBUG_INFORMATION_FORMAT = dwarf;
				ENABLE_STRICT_OBJC_MSGSEND = YES;
				ENABLE_TESTABILITY = YES;
				ENABLE_USER_SCRIPT_SANDBOXING = YES;
				GCC_C_LANGUAGE_STANDARD = gnu17;
				GCC_DYNAMIC_NO_PIC = NO;
				GCC_NO_COMMON_BLOCKS = YES;
				GCC_OPTIMIZATION_LEVEL = 0;
				GCC_PREPROCESSOR_DEFINITIONS = (
					"DEBUG=1",
					"$(inherited)",
				);
				GCC_WARN_64_TO_32_BIT_CONVERSION = YES;
				GCC_WARN_ABOUT_RETURN_TYPE = YES_ERROR;
				GCC_WARN_UNDECLARED_SELECTOR = YES;
				GCC_WARN_UNINITIALIZED_AUTOS = YES_AGGRESSIVE;
				GCC_WARN_UNUSED_FUNCTION = YES;
				GCC_WARN_UNUSED_VARIABLE = YES;
				IPHONEOS_DEPLOYMENT_TARGET = 17.2;
				LOCALIZATION_PREFERS_STRING_CATALOGS = YES;
				MTL_ENABLE_DEBUG_INFO = INCLUDE_SOURCE;
				MTL_FAST_MATH = YES;
				ONLY_ACTIVE_ARCH = YES;
				SDKROOT = iphoneos;
				SWIFT_ACTIVE_COMPILATION_CONDITIONS = "DEBUG $(inherited)";
				SWIFT_OPTIMIZATION_LEVEL = "-Onone";
			};
			name = Debug;
		};
		E40A56E52B333C4600BC95C9 /* Release */ = {
			isa = XCBuildConfiguration;
			buildSettings = {
				ALWAYS_SEARCH_USER_PATHS = NO;
				ASSETCATALOG_COMPILER_GENERATE_SWIFT_ASSET_SYMBOL_EXTENSIONS = YES;
				CLANG_ANALYZER_NONNULL = YES;
				CLANG_ANALYZER_NUMBER_OBJECT_CONVERSION = YES_AGGRESSIVE;
				CLANG_CXX_LANGUAGE_STANDARD = "gnu++20";
				CLANG_ENABLE_MODULES = YES;
				CLANG_ENABLE_OBJC_ARC = YES;
				CLANG_ENABLE_OBJC_WEAK = YES;
				CLANG_WARN_BLOCK_CAPTURE_AUTORELEASING = YES;
				CLANG_WARN_BOOL_CONVERSION = YES;
				CLANG_WARN_COMMA = YES;
				CLANG_WARN_CONSTANT_CONVERSION = YES;
				CLANG_WARN_DEPRECATED_OBJC_IMPLEMENTATIONS = YES;
				CLANG_WARN_DIRECT_OBJC_ISA_USAGE = YES_ERROR;
				CLANG_WARN_DOCUMENTATION_COMMENTS = YES;
				CLANG_WARN_EMPTY_BODY = YES;
				CLANG_WARN_ENUM_CONVERSION = YES;
				CLANG_WARN_INFINITE_RECURSION = YES;
				CLANG_WARN_INT_CONVERSION = YES;
				CLANG_WARN_NON_LITERAL_NULL_CONVERSION = YES;
				CLANG_WARN_OBJC_IMPLICIT_RETAIN_SELF = YES;
				CLANG_WARN_OBJC_LITERAL_CONVERSION = YES;
				CLANG_WARN_OBJC_ROOT_CLASS = YES_ERROR;
				CLANG_WARN_QUOTED_INCLUDE_IN_FRAMEWORK_HEADER = YES;
				CLANG_WARN_RANGE_LOOP_ANALYSIS = YES;
				CLANG_WARN_STRICT_PROTOTYPES = YES;
				CLANG_WARN_SUSPICIOUS_MOVE = YES;
				CLANG_WARN_UNGUARDED_AVAILABILITY = YES_AGGRESSIVE;
				CLANG_WARN_UNREACHABLE_CODE = YES;
				CLANG_WARN__DUPLICATE_METHOD_MATCH = YES;
				COPY_PHASE_STRIP = NO;
				DEBUG_INFORMATION_FORMAT = "dwarf-with-dsym";
				ENABLE_NS_ASSERTIONS = NO;
				ENABLE_STRICT_OBJC_MSGSEND = YES;
				ENABLE_USER_SCRIPT_SANDBOXING = YES;
				GCC_C_LANGUAGE_STANDARD = gnu17;
				GCC_NO_COMMON_BLOCKS = YES;
				GCC_WARN_64_TO_32_BIT_CONVERSION = YES;
				GCC_WARN_ABOUT_RETURN_TYPE = YES_ERROR;
				GCC_WARN_UNDECLARED_SELECTOR = YES;
				GCC_WARN_UNINITIALIZED_AUTOS = YES_AGGRESSIVE;
				GCC_WARN_UNUSED_FUNCTION = YES;
				GCC_WARN_UNUSED_VARIABLE = YES;
				IPHONEOS_DEPLOYMENT_TARGET = 17.2;
				LOCALIZATION_PREFERS_STRING_CATALOGS = YES;
				MTL_ENABLE_DEBUG_INFO = NO;
				MTL_FAST_MATH = YES;
				SDKROOT = iphoneos;
				SWIFT_COMPILATION_MODE = wholemodule;
				VALIDATE_PRODUCT = YES;
			};
			name = Release;
		};
		E40A56E72B333C4600BC95C9 /* Debug */ = {
			isa = XCBuildConfiguration;
			buildSettings = {
				ASSETCATALOG_COMPILER_APPICON_NAME = AppIcon;
				ASSETCATALOG_COMPILER_GLOBAL_ACCENT_COLOR_NAME = AccentColor;
				CODE_SIGN_STYLE = Automatic;
				CURRENT_PROJECT_VERSION = 1;
				DEVELOPMENT_ASSET_PATHS = "\"ImageMessageAssistant/Preview Content\"";
				DEVELOPMENT_TEAM = 6QDK6789A6;
				ENABLE_PREVIEWS = YES;
				GENERATE_INFOPLIST_FILE = YES;
				INFOPLIST_FILE = ImageMessageAssistant/Info.plist;
				INFOPLIST_KEY_UIApplicationSceneManifest_Generation = YES;
				INFOPLIST_KEY_UIApplicationSupportsIndirectInputEvents = YES;
				INFOPLIST_KEY_UILaunchScreen_Generation = YES;
				INFOPLIST_KEY_UISupportedInterfaceOrientations_iPad = "UIInterfaceOrientationPortrait UIInterfaceOrientationPortraitUpsideDown UIInterfaceOrientationLandscapeLeft UIInterfaceOrientationLandscapeRight";
				INFOPLIST_KEY_UISupportedInterfaceOrientations_iPhone = "UIInterfaceOrientationPortrait UIInterfaceOrientationLandscapeLeft UIInterfaceOrientationLandscapeRight";
				LD_RUNPATH_SEARCH_PATHS = (
					"$(inherited)",
					"@executable_path/Frameworks",
				);
				MARKETING_VERSION = 1.0;
				PRODUCT_BUNDLE_IDENTIFIER = com.nfa.ImageMessageAssistant;
				PRODUCT_NAME = "$(TARGET_NAME)";
				SWIFT_EMIT_LOC_STRINGS = YES;
				SWIFT_VERSION = 5.0;
				TARGETED_DEVICE_FAMILY = "1,2";
			};
			name = Debug;
		};
		E40A56E82B333C4600BC95C9 /* Release */ = {
			isa = XCBuildConfiguration;
			buildSettings = {
				ASSETCATALOG_COMPILER_APPICON_NAME = AppIcon;
				ASSETCATALOG_COMPILER_GLOBAL_ACCENT_COLOR_NAME = AccentColor;
				CODE_SIGN_STYLE = Automatic;
				CURRENT_PROJECT_VERSION = 1;
				DEVELOPMENT_ASSET_PATHS = "\"ImageMessageAssistant/Preview Content\"";
				DEVELOPMENT_TEAM = 6QDK6789A6;
				ENABLE_PREVIEWS = YES;
				GENERATE_INFOPLIST_FILE = YES;
				INFOPLIST_FILE = ImageMessageAssistant/Info.plist;
				INFOPLIST_KEY_UIApplicationSceneManifest_Generation = YES;
				INFOPLIST_KEY_UIApplicationSupportsIndirectInputEvents = YES;
				INFOPLIST_KEY_UILaunchScreen_Generation = YES;
				INFOPLIST_KEY_UISupportedInterfaceOrientations_iPad = "UIInterfaceOrientationPortrait UIInterfaceOrientationPortraitUpsideDown UIInterfaceOrientationLandscapeLeft UIInterfaceOrientationLandscapeRight";
				INFOPLIST_KEY_UISupportedInterfaceOrientations_iPhone = "UIInterfaceOrientationPortrait UIInterfaceOrientationLandscapeLeft UIInterfaceOrientationLandscapeRight";
				LD_RUNPATH_SEARCH_PATHS = (
					"$(inherited)",
					"@executable_path/Frameworks",
				);
				MARKETING_VERSION = 1.0;
				PRODUCT_BUNDLE_IDENTIFIER = com.nfa.ImageMessageAssistant;
				PRODUCT_NAME = "$(TARGET_NAME)";
				SWIFT_EMIT_LOC_STRINGS = YES;
				SWIFT_VERSION = 5.0;
				TARGETED_DEVICE_FAMILY = "1,2";
			};
			name = Release;
		};
		E40A56EA2B333C4600BC95C9 /* Debug */ = {
			isa = XCBuildConfiguration;
			buildSettings = {
				ALWAYS_EMBED_SWIFT_STANDARD_LIBRARIES = YES;
				BUNDLE_LOADER = "$(TEST_HOST)";
				CODE_SIGN_STYLE = Automatic;
				CURRENT_PROJECT_VERSION = 1;
				DEVELOPMENT_TEAM = 6QDK6789A6;
				GENERATE_INFOPLIST_FILE = YES;
				IPHONEOS_DEPLOYMENT_TARGET = 17.2;
				MARKETING_VERSION = 1.0;
				PRODUCT_BUNDLE_IDENTIFIER = com.nfa.ImageMessageAssistantTests;
				PRODUCT_NAME = "$(TARGET_NAME)";
				SWIFT_EMIT_LOC_STRINGS = NO;
				SWIFT_VERSION = 5.0;
				TARGETED_DEVICE_FAMILY = "1,2";
				TEST_HOST = "$(BUILT_PRODUCTS_DIR)/VisualMessaging.app/$(BUNDLE_EXECUTABLE_FOLDER_PATH)/VisualMessaging";
			};
			name = Debug;
		};
		E40A56EB2B333C4600BC95C9 /* Release */ = {
			isa = XCBuildConfiguration;
			buildSettings = {
				ALWAYS_EMBED_SWIFT_STANDARD_LIBRARIES = YES;
				BUNDLE_LOADER = "$(TEST_HOST)";
				CODE_SIGN_STYLE = Automatic;
				CURRENT_PROJECT_VERSION = 1;
				DEVELOPMENT_TEAM = 6QDK6789A6;
				GENERATE_INFOPLIST_FILE = YES;
				IPHONEOS_DEPLOYMENT_TARGET = 17.2;
				MARKETING_VERSION = 1.0;
				PRODUCT_BUNDLE_IDENTIFIER = com.nfa.ImageMessageAssistantTests;
				PRODUCT_NAME = "$(TARGET_NAME)";
				SWIFT_EMIT_LOC_STRINGS = NO;
				SWIFT_VERSION = 5.0;
				TARGETED_DEVICE_FAMILY = "1,2";
				TEST_HOST = "$(BUILT_PRODUCTS_DIR)/VisualMessaging.app/$(BUNDLE_EXECUTABLE_FOLDER_PATH)/VisualMessaging";
			};
			name = Release;
		};
		E40A56ED2B333C4600BC95C9 /* Debug */ = {
			isa = XCBuildConfiguration;
			buildSettings = {
				ALWAYS_EMBED_SWIFT_STANDARD_LIBRARIES = YES;
				CODE_SIGN_STYLE = Automatic;
				CURRENT_PROJECT_VERSION = 1;
				DEVELOPMENT_TEAM = 6QDK6789A6;
				GENERATE_INFOPLIST_FILE = YES;
				MARKETING_VERSION = 1.0;
				PRODUCT_BUNDLE_IDENTIFIER = com.nfa.ImageMessageAssistantUITests;
				PRODUCT_NAME = "$(TARGET_NAME)";
				SWIFT_EMIT_LOC_STRINGS = NO;
				SWIFT_VERSION = 5.0;
				TARGETED_DEVICE_FAMILY = "1,2";
				TEST_TARGET_NAME = ImageMessageAssistant;
			};
			name = Debug;
		};
		E40A56EE2B333C4600BC95C9 /* Release */ = {
			isa = XCBuildConfiguration;
			buildSettings = {
				ALWAYS_EMBED_SWIFT_STANDARD_LIBRARIES = YES;
				CODE_SIGN_STYLE = Automatic;
				CURRENT_PROJECT_VERSION = 1;
				DEVELOPMENT_TEAM = 6QDK6789A6;
				GENERATE_INFOPLIST_FILE = YES;
				MARKETING_VERSION = 1.0;
				PRODUCT_BUNDLE_IDENTIFIER = com.nfa.ImageMessageAssistantUITests;
				PRODUCT_NAME = "$(TARGET_NAME)";
				SWIFT_EMIT_LOC_STRINGS = NO;
				SWIFT_VERSION = 5.0;
				TARGETED_DEVICE_FAMILY = "1,2";
				TEST_TARGET_NAME = ImageMessageAssistant;
			};
			name = Release;
		};
/* End XCBuildConfiguration section */

/* Begin XCConfigurationList section */
		E40A56BD2B333C4400BC95C9 /* Build configuration list for PBXProject "VisualMessaging" */ = {
			isa = XCConfigurationList;
			buildConfigurations = (
				E40A56E42B333C4600BC95C9 /* Debug */,
				E40A56E52B333C4600BC95C9 /* Release */,
			);
			defaultConfigurationIsVisible = 0;
			defaultConfigurationName = Release;
		};
		E40A56E62B333C4600BC95C9 /* Build configuration list for PBXNativeTarget "VisualMessaging" */ = {
			isa = XCConfigurationList;
			buildConfigurations = (
				E40A56E72B333C4600BC95C9 /* Debug */,
				E40A56E82B333C4600BC95C9 /* Release */,
			);
			defaultConfigurationIsVisible = 0;
			defaultConfigurationName = Release;
		};
		E40A56E92B333C4600BC95C9 /* Build configuration list for PBXNativeTarget "VisualMessagingTests" */ = {
			isa = XCConfigurationList;
			buildConfigurations = (
				E40A56EA2B333C4600BC95C9 /* Debug */,
				E40A56EB2B333C4600BC95C9 /* Release */,
			);
			defaultConfigurationIsVisible = 0;
			defaultConfigurationName = Release;
		};
		E40A56EC2B333C4600BC95C9 /* Build configuration list for PBXNativeTarget "VisualMessagingUITests" */ = {
			isa = XCConfigurationList;
			buildConfigurations = (
				E40A56ED2B333C4600BC95C9 /* Debug */,
				E40A56EE2B333C4600BC95C9 /* Release */,
			);
			defaultConfigurationIsVisible = 0;
			defaultConfigurationName = Release;
		};
/* End XCConfigurationList section */

/* Begin XCRemoteSwiftPackageReference section */
		E45259762B333FBC00423964 /* XCRemoteSwiftPackageReference "MessageKit" */ = {
			isa = XCRemoteSwiftPackageReference;
			repositoryURL = "https://github.com/MessageKit/MessageKit";
			requirement = {
				kind = upToNextMajorVersion;
				minimumVersion = 4.2.0;
			};
		};
		E45259792B3362B500423964 /* XCRemoteSwiftPackageReference "Alamofire" */ = {
			isa = XCRemoteSwiftPackageReference;
			repositoryURL = "https://github.com/Alamofire/Alamofire";
			requirement = {
				kind = upToNextMajorVersion;
				minimumVersion = 5.8.1;
			};
		};
/* End XCRemoteSwiftPackageReference section */

/* Begin XCSwiftPackageProductDependency section */
		E45259772B333FBC00423964 /* MessageKit */ = {
			isa = XCSwiftPackageProductDependency;
			package = E45259762B333FBC00423964 /* XCRemoteSwiftPackageReference "MessageKit" */;
			productName = MessageKit;
		};
		E452597A2B3362B500423964 /* Alamofire */ = {
			isa = XCSwiftPackageProductDependency;
			package = E45259792B3362B500423964 /* XCRemoteSwiftPackageReference "Alamofire" */;
			productName = Alamofire;
		};
/* End XCSwiftPackageProductDependency section */
	};
	rootObject = E40A56BA2B333C4400BC95C9 /* Project object */;
}
